// !$*UTF8*$!
{
	archiveVersion = 1;
	classes = {
	};
	objectVersion = 52;
	objects = {

/* Begin PBXBuildFile section */
		2AEEC56F245B7AA500BA1AE3 /* AppDelegate.swift in Sources */ = {isa = PBXBuildFile; fileRef = 2AEEC56E245B7AA500BA1AE3 /* AppDelegate.swift */; };
		2AEEC571245B7AA500BA1AE3 /* SceneDelegate.swift in Sources */ = {isa = PBXBuildFile; fileRef = 2AEEC570245B7AA500BA1AE3 /* SceneDelegate.swift */; };
		2AEEC573245B7AA500BA1AE3 /* ContentView.swift in Sources */ = {isa = PBXBuildFile; fileRef = 2AEEC572245B7AA500BA1AE3 /* ContentView.swift */; };
		2AEEC575245B7AA600BA1AE3 /* Assets.xcassets in Resources */ = {isa = PBXBuildFile; fileRef = 2AEEC574245B7AA600BA1AE3 /* Assets.xcassets */; };
		2AEEC578245B7AA600BA1AE3 /* Preview Assets.xcassets in Resources */ = {isa = PBXBuildFile; fileRef = 2AEEC577245B7AA600BA1AE3 /* Preview Assets.xcassets */; };
		2AEEC57B245B7AA600BA1AE3 /* LaunchScreen.storyboard in Resources */ = {isa = PBXBuildFile; fileRef = 2AEEC579245B7AA600BA1AE3 /* LaunchScreen.storyboard */; };
		2AEEC584245B7B1D00BA1AE3 /* SwiftPI in Frameworks */ = {isa = PBXBuildFile; productRef = 2AEEC583245B7B1D00BA1AE3 /* SwiftPI */; };
		2AEEC586245B7B4500BA1AE3 /* GoalListView.swift in Sources */ = {isa = PBXBuildFile; fileRef = 2AEEC585245B7B4500BA1AE3 /* GoalListView.swift */; };
		2AEEC588245B7B5700BA1AE3 /* PermisionsNoteView.swift in Sources */ = {isa = PBXBuildFile; fileRef = 2AEEC587245B7B5700BA1AE3 /* PermisionsNoteView.swift */; };
		2AEEC594245B7BA900BA1AE3 /* WeekdayPicker.swift in Sources */ = {isa = PBXBuildFile; fileRef = 2AEEC590245B7BA800BA1AE3 /* WeekdayPicker.swift */; };
		2AEEC595245B7BA900BA1AE3 /* DateComponents+Ext.swift in Sources */ = {isa = PBXBuildFile; fileRef = 2AEEC591245B7BA800BA1AE3 /* DateComponents+Ext.swift */; };
		2AEEC596245B7BA900BA1AE3 /* SaveRetrieveSize.swift in Sources */ = {isa = PBXBuildFile; fileRef = 2AEEC593245B7BA800BA1AE3 /* SaveRetrieveSize.swift */; };
		2AEEC597245B7BA900BA1AE3 /* GridStack.swift in Sources */ = {isa = PBXBuildFile; fileRef = 2AEEC592245B7BA800BA1AE3 /* GridStack.swift */; };
		2AEEC5A1245B7C9800BA1AE3 /* GoalStore.swift in Sources */ = {isa = PBXBuildFile; fileRef = 2AEEC59B245B7BB500BA1AE3 /* GoalStore.swift */; };
		2AEEC5A2245B7CA400BA1AE3 /* NotificationStore.swift in Sources */ = {isa = PBXBuildFile; fileRef = 2AEEC59F245B7BB500BA1AE3 /* NotificationStore.swift */; };
		2AEEC5A3245B7CA400BA1AE3 /* Goal.swift in Sources */ = {isa = PBXBuildFile; fileRef = 2AEEC599245B7BB500BA1AE3 /* Goal.swift */; };
		2AEEC5A4245B7CA400BA1AE3 /* Reminder.swift in Sources */ = {isa = PBXBuildFile; fileRef = 2AEEC59A245B7BB500BA1AE3 /* Reminder.swift */; };
		2AEEC5A5245B7CA400BA1AE3 /* RepeatPeriod.swift in Sources */ = {isa = PBXBuildFile; fileRef = 2AEEC59C245B7BB500BA1AE3 /* RepeatPeriod.swift */; };
		2AEEC5A6245B7CA400BA1AE3 /* PartOfDay.swift in Sources */ = {isa = PBXBuildFile; fileRef = 2AEEC59D245B7BB500BA1AE3 /* PartOfDay.swift */; };
		2AEEC5A7245B7CA400BA1AE3 /* Periodic.swift in Sources */ = {isa = PBXBuildFile; fileRef = 2AEEC59E245B7BB500BA1AE3 /* Periodic.swift */; };
		2AEEC5AB245B7D0100BA1AE3 /* GoalDetail.swift in Sources */ = {isa = PBXBuildFile; fileRef = 2AEEC5AA245B7D0100BA1AE3 /* GoalDetail.swift */; };
		2AEEC5AC245B7D1C00BA1AE3 /* MonthlyReminderPicker.swift in Sources */ = {isa = PBXBuildFile; fileRef = 2AEEC58D245B7B8000BA1AE3 /* MonthlyReminderPicker.swift */; };
		2AEEC5AD245B7D1C00BA1AE3 /* ReminderView.swift in Sources */ = {isa = PBXBuildFile; fileRef = 2AEEC58C245B7B8000BA1AE3 /* ReminderView.swift */; };
		2AEEC5AE245B7D1C00BA1AE3 /* DailyReminderPicker.swift in Sources */ = {isa = PBXBuildFile; fileRef = 2AEEC58E245B7B8000BA1AE3 /* DailyReminderPicker.swift */; };
		2AEEC5AF245B7D1C00BA1AE3 /* WeeklyReminderPicker.swift in Sources */ = {isa = PBXBuildFile; fileRef = 2AEEC58F245B7B8000BA1AE3 /* WeeklyReminderPicker.swift */; };
/* End PBXBuildFile section */

/* Begin PBXFileReference section */
		2AEEC56B245B7AA500BA1AE3 /* Habituder.app */ = {isa = PBXFileReference; explicitFileType = wrapper.application; includeInIndex = 0; path = Habituder.app; sourceTree = BUILT_PRODUCTS_DIR; };
		2AEEC56E245B7AA500BA1AE3 /* AppDelegate.swift */ = {isa = PBXFileReference; lastKnownFileType = sourcecode.swift; path = AppDelegate.swift; sourceTree = "<group>"; };
		2AEEC570245B7AA500BA1AE3 /* SceneDelegate.swift */ = {isa = PBXFileReference; lastKnownFileType = sourcecode.swift; path = SceneDelegate.swift; sourceTree = "<group>"; };
		2AEEC572245B7AA500BA1AE3 /* ContentView.swift */ = {isa = PBXFileReference; lastKnownFileType = sourcecode.swift; path = ContentView.swift; sourceTree = "<group>"; };
		2AEEC574245B7AA600BA1AE3 /* Assets.xcassets */ = {isa = PBXFileReference; lastKnownFileType = folder.assetcatalog; path = Assets.xcassets; sourceTree = "<group>"; };
		2AEEC577245B7AA600BA1AE3 /* Preview Assets.xcassets */ = {isa = PBXFileReference; lastKnownFileType = folder.assetcatalog; path = "Preview Assets.xcassets"; sourceTree = "<group>"; };
		2AEEC57A245B7AA600BA1AE3 /* Base */ = {isa = PBXFileReference; lastKnownFileType = file.storyboard; name = Base; path = Base.lproj/LaunchScreen.storyboard; sourceTree = "<group>"; };
		2AEEC57C245B7AA600BA1AE3 /* Info.plist */ = {isa = PBXFileReference; lastKnownFileType = text.plist.xml; path = Info.plist; sourceTree = "<group>"; };
		2AEEC585245B7B4500BA1AE3 /* GoalListView.swift */ = {isa = PBXFileReference; lastKnownFileType = sourcecode.swift; path = GoalListView.swift; sourceTree = "<group>"; };
		2AEEC587245B7B5700BA1AE3 /* PermisionsNoteView.swift */ = {isa = PBXFileReference; lastKnownFileType = sourcecode.swift; path = PermisionsNoteView.swift; sourceTree = "<group>"; };
		2AEEC58C245B7B8000BA1AE3 /* ReminderView.swift */ = {isa = PBXFileReference; lastKnownFileType = sourcecode.swift; path = ReminderView.swift; sourceTree = "<group>"; };
		2AEEC58D245B7B8000BA1AE3 /* MonthlyReminderPicker.swift */ = {isa = PBXFileReference; lastKnownFileType = sourcecode.swift; path = MonthlyReminderPicker.swift; sourceTree = "<group>"; };
		2AEEC58E245B7B8000BA1AE3 /* DailyReminderPicker.swift */ = {isa = PBXFileReference; lastKnownFileType = sourcecode.swift; path = DailyReminderPicker.swift; sourceTree = "<group>"; };
		2AEEC58F245B7B8000BA1AE3 /* WeeklyReminderPicker.swift */ = {isa = PBXFileReference; lastKnownFileType = sourcecode.swift; path = WeeklyReminderPicker.swift; sourceTree = "<group>"; };
		2AEEC590245B7BA800BA1AE3 /* WeekdayPicker.swift */ = {isa = PBXFileReference; lastKnownFileType = sourcecode.swift; path = WeekdayPicker.swift; sourceTree = "<group>"; };
		2AEEC591245B7BA800BA1AE3 /* DateComponents+Ext.swift */ = {isa = PBXFileReference; lastKnownFileType = sourcecode.swift; path = "DateComponents+Ext.swift"; sourceTree = "<group>"; };
		2AEEC592245B7BA800BA1AE3 /* GridStack.swift */ = {isa = PBXFileReference; lastKnownFileType = sourcecode.swift; path = GridStack.swift; sourceTree = "<group>"; };
		2AEEC593245B7BA800BA1AE3 /* SaveRetrieveSize.swift */ = {isa = PBXFileReference; lastKnownFileType = sourcecode.swift; path = SaveRetrieveSize.swift; sourceTree = "<group>"; };
		2AEEC599245B7BB500BA1AE3 /* Goal.swift */ = {isa = PBXFileReference; lastKnownFileType = sourcecode.swift; path = Goal.swift; sourceTree = "<group>"; };
		2AEEC59A245B7BB500BA1AE3 /* Reminder.swift */ = {isa = PBXFileReference; lastKnownFileType = sourcecode.swift; path = Reminder.swift; sourceTree = "<group>"; };
		2AEEC59B245B7BB500BA1AE3 /* GoalStore.swift */ = {isa = PBXFileReference; lastKnownFileType = sourcecode.swift; path = GoalStore.swift; sourceTree = "<group>"; };
		2AEEC59C245B7BB500BA1AE3 /* RepeatPeriod.swift */ = {isa = PBXFileReference; lastKnownFileType = sourcecode.swift; path = RepeatPeriod.swift; sourceTree = "<group>"; };
		2AEEC59D245B7BB500BA1AE3 /* PartOfDay.swift */ = {isa = PBXFileReference; lastKnownFileType = sourcecode.swift; path = PartOfDay.swift; sourceTree = "<group>"; };
		2AEEC59E245B7BB500BA1AE3 /* Periodic.swift */ = {isa = PBXFileReference; lastKnownFileType = sourcecode.swift; path = Periodic.swift; sourceTree = "<group>"; };
		2AEEC59F245B7BB500BA1AE3 /* NotificationStore.swift */ = {isa = PBXFileReference; lastKnownFileType = sourcecode.swift; path = NotificationStore.swift; sourceTree = "<group>"; };
		2AEEC5AA245B7D0100BA1AE3 /* GoalDetail.swift */ = {isa = PBXFileReference; fileEncoding = 4; lastKnownFileType = sourcecode.swift; path = GoalDetail.swift; sourceTree = "<group>"; };
/* End PBXFileReference section */

/* Begin PBXFrameworksBuildPhase section */
		2AEEC568245B7AA500BA1AE3 /* Frameworks */ = {
			isa = PBXFrameworksBuildPhase;
			buildActionMask = 2147483647;
			files = (
				2AEEC584245B7B1D00BA1AE3 /* SwiftPI in Frameworks */,
			);
			runOnlyForDeploymentPostprocessing = 0;
		};
/* End PBXFrameworksBuildPhase section */

/* Begin PBXGroup section */
		2AEEC562245B7AA500BA1AE3 = {
			isa = PBXGroup;
			children = (
				2AEEC56D245B7AA500BA1AE3 /* Habituder */,
				2AEEC56C245B7AA500BA1AE3 /* Products */,
			);
			sourceTree = "<group>";
		};
		2AEEC56C245B7AA500BA1AE3 /* Products */ = {
			isa = PBXGroup;
			children = (
				2AEEC56B245B7AA500BA1AE3 /* Habituder.app */,
			);
			name = Products;
			sourceTree = "<group>";
		};
		2AEEC56D245B7AA500BA1AE3 /* Habituder */ = {
			isa = PBXGroup;
			children = (
				2AEEC56E245B7AA500BA1AE3 /* AppDelegate.swift */,
				2AEEC570245B7AA500BA1AE3 /* SceneDelegate.swift */,
				2AEEC572245B7AA500BA1AE3 /* ContentView.swift */,
				2AEEC585245B7B4500BA1AE3 /* GoalListView.swift */,
				2AEEC5AA245B7D0100BA1AE3 /* GoalDetail.swift */,
				2AEEC587245B7B5700BA1AE3 /* PermisionsNoteView.swift */,
				2AEEC58B245B7B8000BA1AE3 /* Reminder Views */,
				2AEEC5B1245B7D4A00BA1AE3 /* Supporting */,
				2AEEC590245B7BA800BA1AE3 /* WeekdayPicker.swift */,
				2AEEC5B0245B7D3A00BA1AE3 /* Extensions */,
				2AEEC598245B7BB500BA1AE3 /* Model */,
				2AEEC574245B7AA600BA1AE3 /* Assets.xcassets */,
				2AEEC579245B7AA600BA1AE3 /* LaunchScreen.storyboard */,
				2AEEC57C245B7AA600BA1AE3 /* Info.plist */,
				2AEEC576245B7AA600BA1AE3 /* Preview Content */,
			);
			path = Habituder;
			sourceTree = "<group>";
		};
		2AEEC576245B7AA600BA1AE3 /* Preview Content */ = {
			isa = PBXGroup;
			children = (
				2AEEC577245B7AA600BA1AE3 /* Preview Assets.xcassets */,
			);
			path = "Preview Content";
			sourceTree = "<group>";
		};
		2AEEC58B245B7B8000BA1AE3 /* Reminder Views */ = {
			isa = PBXGroup;
			children = (
				2AEEC58C245B7B8000BA1AE3 /* ReminderView.swift */,
				2AEEC58D245B7B8000BA1AE3 /* MonthlyReminderPicker.swift */,
				2AEEC58E245B7B8000BA1AE3 /* DailyReminderPicker.swift */,
				2AEEC58F245B7B8000BA1AE3 /* WeeklyReminderPicker.swift */,
			);
			path = "Reminder Views";
			sourceTree = "<group>";
		};
		2AEEC598245B7BB500BA1AE3 /* Model */ = {
			isa = PBXGroup;
			children = (
				2AEEC59F245B7BB500BA1AE3 /* NotificationStore.swift */,
				2AEEC59B245B7BB500BA1AE3 /* GoalStore.swift */,
				2AEEC599245B7BB500BA1AE3 /* Goal.swift */,
				2AEEC59A245B7BB500BA1AE3 /* Reminder.swift */,
				2AEEC59D245B7BB500BA1AE3 /* PartOfDay.swift */,
				2AEEC59C245B7BB500BA1AE3 /* RepeatPeriod.swift */,
				2AEEC59E245B7BB500BA1AE3 /* Periodic.swift */,
			);
			path = Model;
			sourceTree = "<group>";
		};
		2AEEC5B0245B7D3A00BA1AE3 /* Extensions */ = {
			isa = PBXGroup;
			children = (
				2AEEC591245B7BA800BA1AE3 /* DateComponents+Ext.swift */,
			);
			path = Extensions;
			sourceTree = "<group>";
		};
		2AEEC5B1245B7D4A00BA1AE3 /* Supporting */ = {
			isa = PBXGroup;
			children = (
				2AEEC592245B7BA800BA1AE3 /* GridStack.swift */,
				2AEEC593245B7BA800BA1AE3 /* SaveRetrieveSize.swift */,
			);
			path = Supporting;
			sourceTree = "<group>";
		};
/* End PBXGroup section */

/* Begin PBXNativeTarget section */
		2AEEC56A245B7AA500BA1AE3 /* Habituder */ = {
			isa = PBXNativeTarget;
			buildConfigurationList = 2AEEC57F245B7AA600BA1AE3 /* Build configuration list for PBXNativeTarget "Habituder" */;
			buildPhases = (
				2AEEC567245B7AA500BA1AE3 /* Sources */,
				2AEEC568245B7AA500BA1AE3 /* Frameworks */,
				2AEEC569245B7AA500BA1AE3 /* Resources */,
			);
			buildRules = (
			);
			dependencies = (
			);
			name = Habituder;
			packageProductDependencies = (
				2AEEC583245B7B1D00BA1AE3 /* SwiftPI */,
			);
			productName = Habituder;
			productReference = 2AEEC56B245B7AA500BA1AE3 /* Habituder.app */;
			productType = "com.apple.product-type.application";
		};
/* End PBXNativeTarget section */

/* Begin PBXProject section */
		2AEEC563245B7AA500BA1AE3 /* Project object */ = {
			isa = PBXProject;
			attributes = {
				LastSwiftUpdateCheck = 1140;
				LastUpgradeCheck = 1140;
				ORGANIZATIONNAME = "Igor Malyarov";
				TargetAttributes = {
					2AEEC56A245B7AA500BA1AE3 = {
						CreatedOnToolsVersion = 11.4.1;
					};
				};
			};
			buildConfigurationList = 2AEEC566245B7AA500BA1AE3 /* Build configuration list for PBXProject "Habituder" */;
			compatibilityVersion = "Xcode 9.3";
			developmentRegion = en;
			hasScannedForEncodings = 0;
			knownRegions = (
				en,
				Base,
			);
			mainGroup = 2AEEC562245B7AA500BA1AE3;
			packageReferences = (
				2AEEC582245B7B1D00BA1AE3 /* XCRemoteSwiftPackageReference "SwiftPI" */,
			);
			productRefGroup = 2AEEC56C245B7AA500BA1AE3 /* Products */;
			projectDirPath = "";
			projectRoot = "";
			targets = (
				2AEEC56A245B7AA500BA1AE3 /* Habituder */,
			);
		};
/* End PBXProject section */

/* Begin PBXResourcesBuildPhase section */
		2AEEC569245B7AA500BA1AE3 /* Resources */ = {
			isa = PBXResourcesBuildPhase;
			buildActionMask = 2147483647;
			files = (
				2AEEC57B245B7AA600BA1AE3 /* LaunchScreen.storyboard in Resources */,
				2AEEC578245B7AA600BA1AE3 /* Preview Assets.xcassets in Resources */,
				2AEEC575245B7AA600BA1AE3 /* Assets.xcassets in Resources */,
			);
			runOnlyForDeploymentPostprocessing = 0;
		};
/* End PBXResourcesBuildPhase section */

/* Begin PBXSourcesBuildPhase section */
		2AEEC567245B7AA500BA1AE3 /* Sources */ = {
			isa = PBXSourcesBuildPhase;
			buildActionMask = 2147483647;
			files = (
				2AEEC5A5245B7CA400BA1AE3 /* RepeatPeriod.swift in Sources */,
				2AEEC597245B7BA900BA1AE3 /* GridStack.swift in Sources */,
				2AEEC5A4245B7CA400BA1AE3 /* Reminder.swift in Sources */,
				2AEEC5AC245B7D1C00BA1AE3 /* MonthlyReminderPicker.swift in Sources */,
				2AEEC5AD245B7D1C00BA1AE3 /* ReminderView.swift in Sources */,
				2AEEC588245B7B5700BA1AE3 /* PermisionsNoteView.swift in Sources */,
				2AEEC5A6245B7CA400BA1AE3 /* PartOfDay.swift in Sources */,
				2AEEC5AE245B7D1C00BA1AE3 /* DailyReminderPicker.swift in Sources */,
				2AEEC56F245B7AA500BA1AE3 /* AppDelegate.swift in Sources */,
				2AEEC5A7245B7CA400BA1AE3 /* Periodic.swift in Sources */,
				2AEEC571245B7AA500BA1AE3 /* SceneDelegate.swift in Sources */,
				2AEEC5AF245B7D1C00BA1AE3 /* WeeklyReminderPicker.swift in Sources */,
				2AEEC595245B7BA900BA1AE3 /* DateComponents+Ext.swift in Sources */,
				2AEEC5A2245B7CA400BA1AE3 /* NotificationStore.swift in Sources */,
				2AEEC573245B7AA500BA1AE3 /* ContentView.swift in Sources */,
				2AEEC5A3245B7CA400BA1AE3 /* Goal.swift in Sources */,
				2AEEC5AB245B7D0100BA1AE3 /* GoalDetail.swift in Sources */,
				2AEEC594245B7BA900BA1AE3 /* WeekdayPicker.swift in Sources */,
				2AEEC586245B7B4500BA1AE3 /* GoalListView.swift in Sources */,
				2AEEC596245B7BA900BA1AE3 /* SaveRetrieveSize.swift in Sources */,
				2AEEC5A1245B7C9800BA1AE3 /* GoalStore.swift in Sources */,
			);
			runOnlyForDeploymentPostprocessing = 0;
		};
/* End PBXSourcesBuildPhase section */

/* Begin PBXVariantGroup section */
		2AEEC579245B7AA600BA1AE3 /* LaunchScreen.storyboard */ = {
			isa = PBXVariantGroup;
			children = (
				2AEEC57A245B7AA600BA1AE3 /* Base */,
			);
			name = LaunchScreen.storyboard;
			sourceTree = "<group>";
		};
/* End PBXVariantGroup section */

/* Begin XCBuildConfiguration section */
		2AEEC57D245B7AA600BA1AE3 /* Debug */ = {
			isa = XCBuildConfiguration;
			buildSettings = {
				ALWAYS_SEARCH_USER_PATHS = NO;
				CLANG_ANALYZER_NONNULL = YES;
				CLANG_ANALYZER_NUMBER_OBJECT_CONVERSION = YES_AGGRESSIVE;
				CLANG_CXX_LANGUAGE_STANDARD = "gnu++14";
				CLANG_CXX_LIBRARY = "libc++";
				CLANG_ENABLE_MODULES = YES;
				CLANG_ENABLE_OBJC_ARC = YES;
				CLANG_ENABLE_OBJC_WEAK = YES;
				CLANG_WARN_BLOCK_CAPTURE_AUTORELEASING = YES;
				CLANG_WARN_BOOL_CONVERSION = YES;
				CLANG_WARN_COMMA = YES;
				CLANG_WARN_CONSTANT_CONVERSION = YES;
				CLANG_WARN_DEPRECATED_OBJC_IMPLEMENTATIONS = YES;
				CLANG_WARN_DIRECT_OBJC_ISA_USAGE = YES_ERROR;
				CLANG_WARN_DOCUMENTATION_COMMENTS = YES;
				CLANG_WARN_EMPTY_BODY = YES;
				CLANG_WARN_ENUM_CONVERSION = YES;
				CLANG_WARN_INFINITE_RECURSION = YES;
				CLANG_WARN_INT_CONVERSION = YES;
				CLANG_WARN_NON_LITERAL_NULL_CONVERSION = YES;
				CLANG_WARN_OBJC_IMPLICIT_RETAIN_SELF = YES;
				CLANG_WARN_OBJC_LITERAL_CONVERSION = YES;
				CLANG_WARN_OBJC_ROOT_CLASS = YES_ERROR;
				CLANG_WARN_RANGE_LOOP_ANALYSIS = YES;
				CLANG_WARN_STRICT_PROTOTYPES = YES;
				CLANG_WARN_SUSPICIOUS_MOVE = YES;
				CLANG_WARN_UNGUARDED_AVAILABILITY = YES_AGGRESSIVE;
				CLANG_WARN_UNREACHABLE_CODE = YES;
				CLANG_WARN__DUPLICATE_METHOD_MATCH = YES;
				COPY_PHASE_STRIP = NO;
				DEBUG_INFORMATION_FORMAT = dwarf;
				ENABLE_STRICT_OBJC_MSGSEND = YES;
				ENABLE_TESTABILITY = YES;
				GCC_C_LANGUAGE_STANDARD = gnu11;
				GCC_DYNAMIC_NO_PIC = NO;
				GCC_NO_COMMON_BLOCKS = YES;
				GCC_OPTIMIZATION_LEVEL = 0;
				GCC_PREPROCESSOR_DEFINITIONS = (
					"DEBUG=1",
					"$(inherited)",
				);
				GCC_WARN_64_TO_32_BIT_CONVERSION = YES;
				GCC_WARN_ABOUT_RETURN_TYPE = YES_ERROR;
				GCC_WARN_UNDECLARED_SELECTOR = YES;
				GCC_WARN_UNINITIALIZED_AUTOS = YES_AGGRESSIVE;
				GCC_WARN_UNUSED_FUNCTION = YES;
				GCC_WARN_UNUSED_VARIABLE = YES;
				IPHONEOS_DEPLOYMENT_TARGET = 13.4;
				MTL_ENABLE_DEBUG_INFO = INCLUDE_SOURCE;
				MTL_FAST_MATH = YES;
				ONLY_ACTIVE_ARCH = YES;
				SDKROOT = iphoneos;
				SWIFT_ACTIVE_COMPILATION_CONDITIONS = DEBUG;
				SWIFT_OPTIMIZATION_LEVEL = "-Onone";
			};
			name = Debug;
		};
		2AEEC57E245B7AA600BA1AE3 /* Release */ = {
			isa = XCBuildConfiguration;
			buildSettings = {
				ALWAYS_SEARCH_USER_PATHS = NO;
				CLANG_ANALYZER_NONNULL = YES;
				CLANG_ANALYZER_NUMBER_OBJECT_CONVERSION = YES_AGGRESSIVE;
				CLANG_CXX_LANGUAGE_STANDARD = "gnu++14";
				CLANG_CXX_LIBRARY = "libc++";
				CLANG_ENABLE_MODULES = YES;
				CLANG_ENABLE_OBJC_ARC = YES;
				CLANG_ENABLE_OBJC_WEAK = YES;
				CLANG_WARN_BLOCK_CAPTURE_AUTORELEASING = YES;
				CLANG_WARN_BOOL_CONVERSION = YES;
				CLANG_WARN_COMMA = YES;
				CLANG_WARN_CONSTANT_CONVERSION = YES;
				CLANG_WARN_DEPRECATED_OBJC_IMPLEMENTATIONS = YES;
				CLANG_WARN_DIRECT_OBJC_ISA_USAGE = YES_ERROR;
				CLANG_WARN_DOCUMENTATION_COMMENTS = YES;
				CLANG_WARN_EMPTY_BODY = YES;
				CLANG_WARN_ENUM_CONVERSION = YES;
				CLANG_WARN_INFINITE_RECURSION = YES;
				CLANG_WARN_INT_CONVERSION = YES;
				CLANG_WARN_NON_LITERAL_NULL_CONVERSION = YES;
				CLANG_WARN_OBJC_IMPLICIT_RETAIN_SELF = YES;
				CLANG_WARN_OBJC_LITERAL_CONVERSION = YES;
				CLANG_WARN_OBJC_ROOT_CLASS = YES_ERROR;
				CLANG_WARN_RANGE_LOOP_ANALYSIS = YES;
				CLANG_WARN_STRICT_PROTOTYPES = YES;
				CLANG_WARN_SUSPICIOUS_MOVE = YES;
				CLANG_WARN_UNGUARDED_AVAILABILITY = YES_AGGRESSIVE;
				CLANG_WARN_UNREACHABLE_CODE = YES;
				CLANG_WARN__DUPLICATE_METHOD_MATCH = YES;
				COPY_PHASE_STRIP = NO;
				DEBUG_INFORMATION_FORMAT = "dwarf-with-dsym";
				ENABLE_NS_ASSERTIONS = NO;
				ENABLE_STRICT_OBJC_MSGSEND = YES;
				GCC_C_LANGUAGE_STANDARD = gnu11;
				GCC_NO_COMMON_BLOCKS = YES;
				GCC_WARN_64_TO_32_BIT_CONVERSION = YES;
				GCC_WARN_ABOUT_RETURN_TYPE = YES_ERROR;
				GCC_WARN_UNDECLARED_SELECTOR = YES;
				GCC_WARN_UNINITIALIZED_AUTOS = YES_AGGRESSIVE;
				GCC_WARN_UNUSED_FUNCTION = YES;
				GCC_WARN_UNUSED_VARIABLE = YES;
				IPHONEOS_DEPLOYMENT_TARGET = 13.4;
				MTL_ENABLE_DEBUG_INFO = NO;
				MTL_FAST_MATH = YES;
				SDKROOT = iphoneos;
				SWIFT_COMPILATION_MODE = wholemodule;
				SWIFT_OPTIMIZATION_LEVEL = "-O";
				VALIDATE_PRODUCT = YES;
			};
			name = Release;
		};
		2AEEC580245B7AA600BA1AE3 /* Debug */ = {
			isa = XCBuildConfiguration;
			buildSettings = {
				ASSETCATALOG_COMPILER_APPICON_NAME = AppIcon;
				CODE_SIGN_STYLE = Automatic;
				DEVELOPMENT_ASSET_PATHS = "\"Habituder/Preview Content\"";
				DEVELOPMENT_TEAM = VRVJ9YNRQU;
				ENABLE_PREVIEWS = YES;
				INFOPLIST_FILE = Habituder/Info.plist;
				LD_RUNPATH_SEARCH_PATHS = (
					"$(inherited)",
					"@executable_path/Frameworks",
				);
				PRODUCT_BUNDLE_IDENTIFIER = com.photoigor.Habituder;
				PRODUCT_NAME = "$(TARGET_NAME)";
				SWIFT_VERSION = 5.0;
				TARGETED_DEVICE_FAMILY = "1,2";
			};
			name = Debug;
		};
		2AEEC581245B7AA600BA1AE3 /* Release */ = {
			isa = XCBuildConfiguration;
			buildSettings = {
				ASSETCATALOG_COMPILER_APPICON_NAME = AppIcon;
				CODE_SIGN_STYLE = Automatic;
				DEVELOPMENT_ASSET_PATHS = "\"Habituder/Preview Content\"";
				DEVELOPMENT_TEAM = VRVJ9YNRQU;
				ENABLE_PREVIEWS = YES;
				INFOPLIST_FILE = Habituder/Info.plist;
				LD_RUNPATH_SEARCH_PATHS = (
					"$(inherited)",
					"@executable_path/Frameworks",
				);
				PRODUCT_BUNDLE_IDENTIFIER = com.photoigor.Habituder;
				PRODUCT_NAME = "$(TARGET_NAME)";
				SWIFT_VERSION = 5.0;
				TARGETED_DEVICE_FAMILY = "1,2";
			};
			name = Release;
		};
/* End XCBuildConfiguration section */

/* Begin XCConfigurationList section */
		2AEEC566245B7AA500BA1AE3 /* Build configuration list for PBXProject "Habituder" */ = {
			isa = XCConfigurationList;
			buildConfigurations = (
				2AEEC57D245B7AA600BA1AE3 /* Debug */,
				2AEEC57E245B7AA600BA1AE3 /* Release */,
			);
			defaultConfigurationIsVisible = 0;
			defaultConfigurationName = Release;
		};
		2AEEC57F245B7AA600BA1AE3 /* Build configuration list for PBXNativeTarget "Habituder" */ = {
			isa = XCConfigurationList;
			buildConfigurations = (
				2AEEC580245B7AA600BA1AE3 /* Debug */,
				2AEEC581245B7AA600BA1AE3 /* Release */,
			);
			defaultConfigurationIsVisible = 0;
			defaultConfigurationName = Release;
		};
/* End XCConfigurationList section */

/* Begin XCRemoteSwiftPackageReference section */
		2AEEC582245B7B1D00BA1AE3 /* XCRemoteSwiftPackageReference "SwiftPI" */ = {
			isa = XCRemoteSwiftPackageReference;
			repositoryURL = "https://github.com/igor1309/SwiftPI.git";
			requirement = {
				branch = master;
				kind = branch;
			};
		};
/* End XCRemoteSwiftPackageReference section */

/* Begin XCSwiftPackageProductDependency section */
		2AEEC583245B7B1D00BA1AE3 /* SwiftPI */ = {
			isa = XCSwiftPackageProductDependency;
			package = 2AEEC582245B7B1D00BA1AE3 /* XCRemoteSwiftPackageReference "SwiftPI" */;
			productName = SwiftPI;
		};
/* End XCSwiftPackageProductDependency section */
	};
	rootObject = 2AEEC563245B7AA500BA1AE3 /* Project object */;
}
