// !$*UTF8*$!
{
	archiveVersion = 1;
	classes = {
	};
	objectVersion = 52;
	objects = {

/* Begin PBXBuildFile section */
		2A0BD6D2245CC22600C27F9B /* GoalListView.swift in Sources */ = {isa = PBXBuildFile; fileRef = 2A0BD6D1245CC22600C27F9B /* GoalListView.swift */; };
		2A0BD6D4245CC23300C27F9B /* GoalStore.swift in Sources */ = {isa = PBXBuildFile; fileRef = 2A0BD6D3245CC23300C27F9B /* GoalStore.swift */; };
		2A0BD6D7245CC27D00C27F9B /* Goal.swift in Sources */ = {isa = PBXBuildFile; fileRef = 2A0BD6D6245CC27D00C27F9B /* Goal.swift */; };
		2A0BD6D9245CC4EE00C27F9B /* Reminder.swift in Sources */ = {isa = PBXBuildFile; fileRef = 2A0BD6D8245CC4EE00C27F9B /* Reminder.swift */; };
		2A0BD6DB245CC7C200C27F9B /* RepeatPeriod.swift in Sources */ = {isa = PBXBuildFile; fileRef = 2A0BD6DA245CC7C200C27F9B /* RepeatPeriod.swift */; };
		2A2E175F245D97D700A57D42 /* WeeklyReminderPicker.swift in Sources */ = {isa = PBXBuildFile; fileRef = 2A2E175E245D97D700A57D42 /* WeeklyReminderPicker.swift */; };
		2A2E1761245D97EB00A57D42 /* MonthlyReminderPicker.swift in Sources */ = {isa = PBXBuildFile; fileRef = 2A2E1760245D97EB00A57D42 /* MonthlyReminderPicker.swift */; };
		2A2E1763245D9D8100A57D42 /* WeekdayPicker.swift in Sources */ = {isa = PBXBuildFile; fileRef = 2A2E1762245D9D8100A57D42 /* WeekdayPicker.swift */; };
		2A2E1765245DA90D00A57D42 /* DateComponents+Ext.swift in Sources */ = {isa = PBXBuildFile; fileRef = 2A2E1764245DA90C00A57D42 /* DateComponents+Ext.swift */; };
		2A2E1768245DD1AD00A57D42 /* GoalEditor.swift in Sources */ = {isa = PBXBuildFile; fileRef = 2A2E1767245DD1AD00A57D42 /* GoalEditor.swift */; };
		2A2E176A245DF4E000A57D42 /* RepeatPeriodPicker.swift in Sources */ = {isa = PBXBuildFile; fileRef = 2A2E1769245DF4E000A57D42 /* RepeatPeriodPicker.swift */; };
		2A2E176C245DF5A200A57D42 /* MonthView.swift in Sources */ = {isa = PBXBuildFile; fileRef = 2A2E176B245DF5A200A57D42 /* MonthView.swift */; };
		2A2E176E245E049200A57D42 /* PartOfDay.swift in Sources */ = {isa = PBXBuildFile; fileRef = 2A2E176D245E049200A57D42 /* PartOfDay.swift */; };
		2A2E1770245E0D4300A57D42 /* PartOfDaySettingsView.swift in Sources */ = {isa = PBXBuildFile; fileRef = 2A2E176F245E0D4300A57D42 /* PartOfDaySettingsView.swift */; };
		2A2E1773245E24C400A57D42 /* NotificationSettingsView.swift in Sources */ = {isa = PBXBuildFile; fileRef = 2A2E1772245E24C400A57D42 /* NotificationSettingsView.swift */; };
		2A2E1775245E32F500A57D42 /* NotificationSettings.swift in Sources */ = {isa = PBXBuildFile; fileRef = 2A2E1774245E32F500A57D42 /* NotificationSettings.swift */; };
		2A2E1777245E380800A57D42 /* GoalNotifications.swift in Sources */ = {isa = PBXBuildFile; fileRef = 2A2E1776245E380800A57D42 /* GoalNotifications.swift */; };
		2A2E1779245EE54D00A57D42 /* AllNotificationsView.swift in Sources */ = {isa = PBXBuildFile; fileRef = 2A2E1778245EE54D00A57D42 /* AllNotificationsView.swift */; };
		2A2E177B245EFB6600A57D42 /* GoalListRow.swift in Sources */ = {isa = PBXBuildFile; fileRef = 2A2E177A245EFB6600A57D42 /* GoalListRow.swift */; };
		2AEEC56F245B7AA500BA1AE3 /* AppDelegate.swift in Sources */ = {isa = PBXBuildFile; fileRef = 2AEEC56E245B7AA500BA1AE3 /* AppDelegate.swift */; };
		2AEEC571245B7AA500BA1AE3 /* SceneDelegate.swift in Sources */ = {isa = PBXBuildFile; fileRef = 2AEEC570245B7AA500BA1AE3 /* SceneDelegate.swift */; };
		2AEEC573245B7AA500BA1AE3 /* ContentView.swift in Sources */ = {isa = PBXBuildFile; fileRef = 2AEEC572245B7AA500BA1AE3 /* ContentView.swift */; };
		2AEEC575245B7AA600BA1AE3 /* Assets.xcassets in Resources */ = {isa = PBXBuildFile; fileRef = 2AEEC574245B7AA600BA1AE3 /* Assets.xcassets */; };
		2AEEC578245B7AA600BA1AE3 /* Preview Assets.xcassets in Resources */ = {isa = PBXBuildFile; fileRef = 2AEEC577245B7AA600BA1AE3 /* Preview Assets.xcassets */; };
		2AEEC57B245B7AA600BA1AE3 /* LaunchScreen.storyboard in Resources */ = {isa = PBXBuildFile; fileRef = 2AEEC579245B7AA600BA1AE3 /* LaunchScreen.storyboard */; };
		2AEEC584245B7B1D00BA1AE3 /* SwiftPI in Frameworks */ = {isa = PBXBuildFile; productRef = 2AEEC583245B7B1D00BA1AE3 /* SwiftPI */; };
/* End PBXBuildFile section */

/* Begin PBXFileReference section */
		2A0BD6D1245CC22600C27F9B /* GoalListView.swift */ = {isa = PBXFileReference; lastKnownFileType = sourcecode.swift; path = GoalListView.swift; sourceTree = "<group>"; };
		2A0BD6D3245CC23300C27F9B /* GoalStore.swift */ = {isa = PBXFileReference; lastKnownFileType = sourcecode.swift; path = GoalStore.swift; sourceTree = "<group>"; };
		2A0BD6D6245CC27D00C27F9B /* Goal.swift */ = {isa = PBXFileReference; lastKnownFileType = sourcecode.swift; path = Goal.swift; sourceTree = "<group>"; };
		2A0BD6D8245CC4EE00C27F9B /* Reminder.swift */ = {isa = PBXFileReference; lastKnownFileType = sourcecode.swift; path = Reminder.swift; sourceTree = "<group>"; };
		2A0BD6DA245CC7C200C27F9B /* RepeatPeriod.swift */ = {isa = PBXFileReference; lastKnownFileType = sourcecode.swift; path = RepeatPeriod.swift; sourceTree = "<group>"; };
		2A2E175E245D97D700A57D42 /* WeeklyReminderPicker.swift */ = {isa = PBXFileReference; lastKnownFileType = sourcecode.swift; path = WeeklyReminderPicker.swift; sourceTree = "<group>"; };
		2A2E1760245D97EB00A57D42 /* MonthlyReminderPicker.swift */ = {isa = PBXFileReference; lastKnownFileType = sourcecode.swift; path = MonthlyReminderPicker.swift; sourceTree = "<group>"; };
		2A2E1762245D9D8100A57D42 /* WeekdayPicker.swift */ = {isa = PBXFileReference; lastKnownFileType = sourcecode.swift; path = WeekdayPicker.swift; sourceTree = "<group>"; };
		2A2E1764245DA90C00A57D42 /* DateComponents+Ext.swift */ = {isa = PBXFileReference; fileEncoding = 4; lastKnownFileType = sourcecode.swift; path = "DateComponents+Ext.swift"; sourceTree = "<group>"; };
		2A2E1767245DD1AD00A57D42 /* GoalEditor.swift */ = {isa = PBXFileReference; lastKnownFileType = sourcecode.swift; path = GoalEditor.swift; sourceTree = "<group>"; };
		2A2E1769245DF4E000A57D42 /* RepeatPeriodPicker.swift */ = {isa = PBXFileReference; lastKnownFileType = sourcecode.swift; path = RepeatPeriodPicker.swift; sourceTree = "<group>"; };
		2A2E176B245DF5A200A57D42 /* MonthView.swift */ = {isa = PBXFileReference; lastKnownFileType = sourcecode.swift; path = MonthView.swift; sourceTree = "<group>"; };
		2A2E176D245E049200A57D42 /* PartOfDay.swift */ = {isa = PBXFileReference; lastKnownFileType = sourcecode.swift; path = PartOfDay.swift; sourceTree = "<group>"; };
		2A2E176F245E0D4300A57D42 /* PartOfDaySettingsView.swift */ = {isa = PBXFileReference; lastKnownFileType = sourcecode.swift; path = PartOfDaySettingsView.swift; sourceTree = "<group>"; };
		2A2E1772245E24C400A57D42 /* NotificationSettingsView.swift */ = {isa = PBXFileReference; lastKnownFileType = sourcecode.swift; path = NotificationSettingsView.swift; sourceTree = "<group>"; };
		2A2E1774245E32F500A57D42 /* NotificationSettings.swift */ = {isa = PBXFileReference; lastKnownFileType = sourcecode.swift; path = NotificationSettings.swift; sourceTree = "<group>"; };
		2A2E1776245E380800A57D42 /* GoalNotifications.swift */ = {isa = PBXFileReference; lastKnownFileType = sourcecode.swift; path = GoalNotifications.swift; sourceTree = "<group>"; };
		2A2E1778245EE54D00A57D42 /* AllNotificationsView.swift */ = {isa = PBXFileReference; lastKnownFileType = sourcecode.swift; path = AllNotificationsView.swift; sourceTree = "<group>"; };
		2A2E177A245EFB6600A57D42 /* GoalListRow.swift */ = {isa = PBXFileReference; lastKnownFileType = sourcecode.swift; path = GoalListRow.swift; sourceTree = "<group>"; };
		2AEEC56B245B7AA500BA1AE3 /* Habituder.app */ = {isa = PBXFileReference; explicitFileType = wrapper.application; includeInIndex = 0; path = Habituder.app; sourceTree = BUILT_PRODUCTS_DIR; };
		2AEEC56E245B7AA500BA1AE3 /* AppDelegate.swift */ = {isa = PBXFileReference; lastKnownFileType = sourcecode.swift; path = AppDelegate.swift; sourceTree = "<group>"; };
		2AEEC570245B7AA500BA1AE3 /* SceneDelegate.swift */ = {isa = PBXFileReference; lastKnownFileType = sourcecode.swift; path = SceneDelegate.swift; sourceTree = "<group>"; };
		2AEEC572245B7AA500BA1AE3 /* ContentView.swift */ = {isa = PBXFileReference; lastKnownFileType = sourcecode.swift; path = ContentView.swift; sourceTree = "<group>"; };
		2AEEC574245B7AA600BA1AE3 /* Assets.xcassets */ = {isa = PBXFileReference; lastKnownFileType = folder.assetcatalog; path = Assets.xcassets; sourceTree = "<group>"; };
		2AEEC577245B7AA600BA1AE3 /* Preview Assets.xcassets */ = {isa = PBXFileReference; lastKnownFileType = folder.assetcatalog; path = "Preview Assets.xcassets"; sourceTree = "<group>"; };
		2AEEC57A245B7AA600BA1AE3 /* Base */ = {isa = PBXFileReference; lastKnownFileType = file.storyboard; name = Base; path = Base.lproj/LaunchScreen.storyboard; sourceTree = "<group>"; };
		2AEEC57C245B7AA600BA1AE3 /* Info.plist */ = {isa = PBXFileReference; lastKnownFileType = text.plist.xml; path = Info.plist; sourceTree = "<group>"; };
/* End PBXFileReference section */

/* Begin PBXFrameworksBuildPhase section */
		2AEEC568245B7AA500BA1AE3 /* Frameworks */ = {
			isa = PBXFrameworksBuildPhase;
			buildActionMask = 2147483647;
			files = (
				2AEEC584245B7B1D00BA1AE3 /* SwiftPI in Frameworks */,
			);
			runOnlyForDeploymentPostprocessing = 0;
		};
/* End PBXFrameworksBuildPhase section */

/* Begin PBXGroup section */
		2A0BD6D5245CC23800C27F9B /* Model */ = {
			isa = PBXGroup;
			children = (
				2A2E1774245E32F500A57D42 /* NotificationSettings.swift */,
				2A2E1776245E380800A57D42 /* GoalNotifications.swift */,
				2A0BD6D3245CC23300C27F9B /* GoalStore.swift */,
				2A0BD6D6245CC27D00C27F9B /* Goal.swift */,
				2A0BD6D8245CC4EE00C27F9B /* Reminder.swift */,
				2A0BD6DA245CC7C200C27F9B /* RepeatPeriod.swift */,
				2A2E176D245E049200A57D42 /* PartOfDay.swift */,
			);
			path = Model;
			sourceTree = "<group>";
		};
		2A2E175D245D974E00A57D42 /* Reminder Views */ = {
			isa = PBXGroup;
			children = (
				2A2E1769245DF4E000A57D42 /* RepeatPeriodPicker.swift */,
				2A2E175E245D97D700A57D42 /* WeeklyReminderPicker.swift */,
				2A2E1762245D9D8100A57D42 /* WeekdayPicker.swift */,
				2A2E1760245D97EB00A57D42 /* MonthlyReminderPicker.swift */,
				2A2E176B245DF5A200A57D42 /* MonthView.swift */,
			);
			path = "Reminder Views";
			sourceTree = "<group>";
		};
		2A2E1766245DA91800A57D42 /* Extensions */ = {
			isa = PBXGroup;
			children = (
				2A2E1764245DA90C00A57D42 /* DateComponents+Ext.swift */,
			);
			path = Extensions;
			sourceTree = "<group>";
		};
		2A2E1771245E0F7200A57D42 /* TODO */ = {
			isa = PBXGroup;
			children = (
				2A2E176F245E0D4300A57D42 /* PartOfDaySettingsView.swift */,
			);
			path = TODO;
			sourceTree = "<group>";
		};
		2A842420245EFC210002EDB9 /* TESTING */ = {
			isa = PBXGroup;
			children = (
				2A2E177A245EFB6600A57D42 /* GoalListRow.swift */,
			);
			path = TESTING;
			sourceTree = "<group>";
		};
		2AEEC562245B7AA500BA1AE3 = {
			isa = PBXGroup;
			children = (
				2AEEC56D245B7AA500BA1AE3 /* Habituder */,
				2AEEC56C245B7AA500BA1AE3 /* Products */,
			);
			sourceTree = "<group>";
		};
		2AEEC56C245B7AA500BA1AE3 /* Products */ = {
			isa = PBXGroup;
			children = (
				2AEEC56B245B7AA500BA1AE3 /* Habituder.app */,
			);
			name = Products;
			sourceTree = "<group>";
		};
		2AEEC56D245B7AA500BA1AE3 /* Habituder */ = {
			isa = PBXGroup;
			children = (
				2AEEC56E245B7AA500BA1AE3 /* AppDelegate.swift */,
				2AEEC570245B7AA500BA1AE3 /* SceneDelegate.swift */,
				2AEEC572245B7AA500BA1AE3 /* ContentView.swift */,
				2A0BD6D1245CC22600C27F9B /* GoalListView.swift */,
				2A2E1778245EE54D00A57D42 /* AllNotificationsView.swift */,
				2A2E1767245DD1AD00A57D42 /* GoalEditor.swift */,
				2A2E1772245E24C400A57D42 /* NotificationSettingsView.swift */,
				2A842420245EFC210002EDB9 /* TESTING */,
				2A2E1771245E0F7200A57D42 /* TODO */,
				2A2E1766245DA91800A57D42 /* Extensions */,
				2A2E175D245D974E00A57D42 /* Reminder Views */,
				2A0BD6D5245CC23800C27F9B /* Model */,
				2AEEC574245B7AA600BA1AE3 /* Assets.xcassets */,
				2AEEC579245B7AA600BA1AE3 /* LaunchScreen.storyboard */,
				2AEEC57C245B7AA600BA1AE3 /* Info.plist */,
				2AEEC576245B7AA600BA1AE3 /* Preview Content */,
			);
			path = Habituder;
			sourceTree = "<group>";
		};
		2AEEC576245B7AA600BA1AE3 /* Preview Content */ = {
			isa = PBXGroup;
			children = (
				2AEEC577245B7AA600BA1AE3 /* Preview Assets.xcassets */,
			);
			path = "Preview Content";
			sourceTree = "<group>";
		};
/* End PBXGroup section */

/* Begin PBXNativeTarget section */
		2AEEC56A245B7AA500BA1AE3 /* Habituder */ = {
			isa = PBXNativeTarget;
			buildConfigurationList = 2AEEC57F245B7AA600BA1AE3 /* Build configuration list for PBXNativeTarget "Habituder" */;
			buildPhases = (
				2AEEC567245B7AA500BA1AE3 /* Sources */,
				2AEEC568245B7AA500BA1AE3 /* Frameworks */,
				2AEEC569245B7AA500BA1AE3 /* Resources */,
			);
			buildRules = (
			);
			dependencies = (
			);
			name = Habituder;
			packageProductDependencies = (
				2AEEC583245B7B1D00BA1AE3 /* SwiftPI */,
			);
			productName = Habituder;
			productReference = 2AEEC56B245B7AA500BA1AE3 /* Habituder.app */;
			productType = "com.apple.product-type.application";
		};
/* End PBXNativeTarget section */

/* Begin PBXProject section */
		2AEEC563245B7AA500BA1AE3 /* Project object */ = {
			isa = PBXProject;
			attributes = {
				LastSwiftUpdateCheck = 1140;
				LastUpgradeCheck = 1140;
				ORGANIZATIONNAME = "Igor Malyarov";
				TargetAttributes = {
					2AEEC56A245B7AA500BA1AE3 = {
						CreatedOnToolsVersion = 11.4.1;
					};
				};
			};
			buildConfigurationList = 2AEEC566245B7AA500BA1AE3 /* Build configuration list for PBXProject "Habituder" */;
			compatibilityVersion = "Xcode 9.3";
			developmentRegion = en;
			hasScannedForEncodings = 0;
			knownRegions = (
				en,
				Base,
			);
			mainGroup = 2AEEC562245B7AA500BA1AE3;
			packageReferences = (
				2AEEC582245B7B1D00BA1AE3 /* XCRemoteSwiftPackageReference "SwiftPI" */,
			);
			productRefGroup = 2AEEC56C245B7AA500BA1AE3 /* Products */;
			projectDirPath = "";
			projectRoot = "";
			targets = (
				2AEEC56A245B7AA500BA1AE3 /* Habituder */,
			);
		};
/* End PBXProject section */

/* Begin PBXResourcesBuildPhase section */
		2AEEC569245B7AA500BA1AE3 /* Resources */ = {
			isa = PBXResourcesBuildPhase;
			buildActionMask = 2147483647;
			files = (
				2AEEC57B245B7AA600BA1AE3 /* LaunchScreen.storyboard in Resources */,
				2AEEC578245B7AA600BA1AE3 /* Preview Assets.xcassets in Resources */,
				2AEEC575245B7AA600BA1AE3 /* Assets.xcassets in Resources */,
			);
			runOnlyForDeploymentPostprocessing = 0;
		};
/* End PBXResourcesBuildPhase section */

/* Begin PBXSourcesBuildPhase section */
		2AEEC567245B7AA500BA1AE3 /* Sources */ = {
			isa = PBXSourcesBuildPhase;
			buildActionMask = 2147483647;
			files = (
				2A2E1775245E32F500A57D42 /* NotificationSettings.swift in Sources */,
				2A2E175F245D97D700A57D42 /* WeeklyReminderPicker.swift in Sources */,
				2A2E176C245DF5A200A57D42 /* MonthView.swift in Sources */,
				2A2E1777245E380800A57D42 /* GoalNotifications.swift in Sources */,
				2A2E1765245DA90D00A57D42 /* DateComponents+Ext.swift in Sources */,
				2AEEC56F245B7AA500BA1AE3 /* AppDelegate.swift in Sources */,
				2A2E176E245E049200A57D42 /* PartOfDay.swift in Sources */,
				2A0BD6DB245CC7C200C27F9B /* RepeatPeriod.swift in Sources */,
				2A0BD6D9245CC4EE00C27F9B /* Reminder.swift in Sources */,
				2AEEC571245B7AA500BA1AE3 /* SceneDelegate.swift in Sources */,
				2A0BD6D4245CC23300C27F9B /* GoalStore.swift in Sources */,
				2A2E1770245E0D4300A57D42 /* PartOfDaySettingsView.swift in Sources */,
				2A2E1779245EE54D00A57D42 /* AllNotificationsView.swift in Sources */,
				2A2E1763245D9D8100A57D42 /* WeekdayPicker.swift in Sources */,
				2A2E1773245E24C400A57D42 /* NotificationSettingsView.swift in Sources */,
				2AEEC573245B7AA500BA1AE3 /* ContentView.swift in Sources */,
				2A2E1761245D97EB00A57D42 /* MonthlyReminderPicker.swift in Sources */,
				2A2E177B245EFB6600A57D42 /* GoalListRow.swift in Sources */,
				2A2E1768245DD1AD00A57D42 /* GoalEditor.swift in Sources */,
				2A0BD6D7245CC27D00C27F9B /* Goal.swift in Sources */,
				2A0BD6D2245CC22600C27F9B /* GoalListView.swift in Sources */,
				2A2E176A245DF4E000A57D42 /* RepeatPeriodPicker.swift in Sources */,
			);
			runOnlyForDeploymentPostprocessing = 0;
		};
/* End PBXSourcesBuildPhase section */

/* Begin PBXVariantGroup section */
		2AEEC579245B7AA600BA1AE3 /* LaunchScreen.storyboard */ = {
			isa = PBXVariantGroup;
			children = (
				2AEEC57A245B7AA600BA1AE3 /* Base */,
			);
			name = LaunchScreen.storyboard;
			sourceTree = "<group>";
		};
/* End PBXVariantGroup section */

/* Begin XCBuildConfiguration section */
		2AEEC57D245B7AA600BA1AE3 /* Debug */ = {
			isa = XCBuildConfiguration;
			buildSettings = {
				ALWAYS_SEARCH_USER_PATHS = NO;
				CLANG_ANALYZER_NONNULL = YES;
				CLANG_ANALYZER_NUMBER_OBJECT_CONVERSION = YES_AGGRESSIVE;
				CLANG_CXX_LANGUAGE_STANDARD = "gnu++14";
				CLANG_CXX_LIBRARY = "libc++";
				CLANG_ENABLE_MODULES = YES;
				CLANG_ENABLE_OBJC_ARC = YES;
				CLANG_ENABLE_OBJC_WEAK = YES;
				CLANG_WARN_BLOCK_CAPTURE_AUTORELEASING = YES;
				CLANG_WARN_BOOL_CONVERSION = YES;
				CLANG_WARN_COMMA = YES;
				CLANG_WARN_CONSTANT_CONVERSION = YES;
				CLANG_WARN_DEPRECATED_OBJC_IMPLEMENTATIONS = YES;
				CLANG_WARN_DIRECT_OBJC_ISA_USAGE = YES_ERROR;
				CLANG_WARN_DOCUMENTATION_COMMENTS = YES;
				CLANG_WARN_EMPTY_BODY = YES;
				CLANG_WARN_ENUM_CONVERSION = YES;
				CLANG_WARN_INFINITE_RECURSION = YES;
				CLANG_WARN_INT_CONVERSION = YES;
				CLANG_WARN_NON_LITERAL_NULL_CONVERSION = YES;
				CLANG_WARN_OBJC_IMPLICIT_RETAIN_SELF = YES;
				CLANG_WARN_OBJC_LITERAL_CONVERSION = YES;
				CLANG_WARN_OBJC_ROOT_CLASS = YES_ERROR;
				CLANG_WARN_RANGE_LOOP_ANALYSIS = YES;
				CLANG_WARN_STRICT_PROTOTYPES = YES;
				CLANG_WARN_SUSPICIOUS_MOVE = YES;
				CLANG_WARN_UNGUARDED_AVAILABILITY = YES_AGGRESSIVE;
				CLANG_WARN_UNREACHABLE_CODE = YES;
				CLANG_WARN__DUPLICATE_METHOD_MATCH = YES;
				COPY_PHASE_STRIP = NO;
				DEBUG_INFORMATION_FORMAT = dwarf;
				ENABLE_STRICT_OBJC_MSGSEND = YES;
				ENABLE_TESTABILITY = YES;
				GCC_C_LANGUAGE_STANDARD = gnu11;
				GCC_DYNAMIC_NO_PIC = NO;
				GCC_NO_COMMON_BLOCKS = YES;
				GCC_OPTIMIZATION_LEVEL = 0;
				GCC_PREPROCESSOR_DEFINITIONS = (
					"DEBUG=1",
					"$(inherited)",
				);
				GCC_WARN_64_TO_32_BIT_CONVERSION = YES;
				GCC_WARN_ABOUT_RETURN_TYPE = YES_ERROR;
				GCC_WARN_UNDECLARED_SELECTOR = YES;
				GCC_WARN_UNINITIALIZED_AUTOS = YES_AGGRESSIVE;
				GCC_WARN_UNUSED_FUNCTION = YES;
				GCC_WARN_UNUSED_VARIABLE = YES;
				IPHONEOS_DEPLOYMENT_TARGET = 13.4;
				MTL_ENABLE_DEBUG_INFO = INCLUDE_SOURCE;
				MTL_FAST_MATH = YES;
				ONLY_ACTIVE_ARCH = YES;
				SDKROOT = iphoneos;
				SWIFT_ACTIVE_COMPILATION_CONDITIONS = DEBUG;
				SWIFT_OPTIMIZATION_LEVEL = "-Onone";
			};
			name = Debug;
		};
		2AEEC57E245B7AA600BA1AE3 /* Release */ = {
			isa = XCBuildConfiguration;
			buildSettings = {
				ALWAYS_SEARCH_USER_PATHS = NO;
				CLANG_ANALYZER_NONNULL = YES;
				CLANG_ANALYZER_NUMBER_OBJECT_CONVERSION = YES_AGGRESSIVE;
				CLANG_CXX_LANGUAGE_STANDARD = "gnu++14";
				CLANG_CXX_LIBRARY = "libc++";
				CLANG_ENABLE_MODULES = YES;
				CLANG_ENABLE_OBJC_ARC = YES;
				CLANG_ENABLE_OBJC_WEAK = YES;
				CLANG_WARN_BLOCK_CAPTURE_AUTORELEASING = YES;
				CLANG_WARN_BOOL_CONVERSION = YES;
				CLANG_WARN_COMMA = YES;
				CLANG_WARN_CONSTANT_CONVERSION = YES;
				CLANG_WARN_DEPRECATED_OBJC_IMPLEMENTATIONS = YES;
				CLANG_WARN_DIRECT_OBJC_ISA_USAGE = YES_ERROR;
				CLANG_WARN_DOCUMENTATION_COMMENTS = YES;
				CLANG_WARN_EMPTY_BODY = YES;
				CLANG_WARN_ENUM_CONVERSION = YES;
				CLANG_WARN_INFINITE_RECURSION = YES;
				CLANG_WARN_INT_CONVERSION = YES;
				CLANG_WARN_NON_LITERAL_NULL_CONVERSION = YES;
				CLANG_WARN_OBJC_IMPLICIT_RETAIN_SELF = YES;
				CLANG_WARN_OBJC_LITERAL_CONVERSION = YES;
				CLANG_WARN_OBJC_ROOT_CLASS = YES_ERROR;
				CLANG_WARN_RANGE_LOOP_ANALYSIS = YES;
				CLANG_WARN_STRICT_PROTOTYPES = YES;
				CLANG_WARN_SUSPICIOUS_MOVE = YES;
				CLANG_WARN_UNGUARDED_AVAILABILITY = YES_AGGRESSIVE;
				CLANG_WARN_UNREACHABLE_CODE = YES;
				CLANG_WARN__DUPLICATE_METHOD_MATCH = YES;
				COPY_PHASE_STRIP = NO;
				DEBUG_INFORMATION_FORMAT = "dwarf-with-dsym";
				ENABLE_NS_ASSERTIONS = NO;
				ENABLE_STRICT_OBJC_MSGSEND = YES;
				GCC_C_LANGUAGE_STANDARD = gnu11;
				GCC_NO_COMMON_BLOCKS = YES;
				GCC_WARN_64_TO_32_BIT_CONVERSION = YES;
				GCC_WARN_ABOUT_RETURN_TYPE = YES_ERROR;
				GCC_WARN_UNDECLARED_SELECTOR = YES;
				GCC_WARN_UNINITIALIZED_AUTOS = YES_AGGRESSIVE;
				GCC_WARN_UNUSED_FUNCTION = YES;
				GCC_WARN_UNUSED_VARIABLE = YES;
				IPHONEOS_DEPLOYMENT_TARGET = 13.4;
				MTL_ENABLE_DEBUG_INFO = NO;
				MTL_FAST_MATH = YES;
				SDKROOT = iphoneos;
				SWIFT_COMPILATION_MODE = wholemodule;
				SWIFT_OPTIMIZATION_LEVEL = "-O";
				VALIDATE_PRODUCT = YES;
			};
			name = Release;
		};
		2AEEC580245B7AA600BA1AE3 /* Debug */ = {
			isa = XCBuildConfiguration;
			buildSettings = {
				ASSETCATALOG_COMPILER_APPICON_NAME = AppIcon;
				CODE_SIGN_STYLE = Automatic;
				CURRENT_PROJECT_VERSION = 4;
				DEVELOPMENT_ASSET_PATHS = "\"Habituder/Preview Content\"";
				DEVELOPMENT_TEAM = VRVJ9YNRQU;
				ENABLE_PREVIEWS = YES;
				INFOPLIST_FILE = Habituder/Info.plist;
				LD_RUNPATH_SEARCH_PATHS = (
					"$(inherited)",
					"@executable_path/Frameworks",
				);
				MARKETING_VERSION = 1.01;
				PRODUCT_BUNDLE_IDENTIFIER = com.photoigor.Habituder;
				PRODUCT_NAME = "$(TARGET_NAME)";
				SWIFT_VERSION = 5.0;
				TARGETED_DEVICE_FAMILY = "1,2";
			};
			name = Debug;
		};
		2AEEC581245B7AA600BA1AE3 /* Release */ = {
			isa = XCBuildConfiguration;
			buildSettings = {
				ASSETCATALOG_COMPILER_APPICON_NAME = AppIcon;
				CODE_SIGN_STYLE = Automatic;
				CURRENT_PROJECT_VERSION = 4;
				DEVELOPMENT_ASSET_PATHS = "\"Habituder/Preview Content\"";
				DEVELOPMENT_TEAM = VRVJ9YNRQU;
				ENABLE_PREVIEWS = YES;
				INFOPLIST_FILE = Habituder/Info.plist;
				LD_RUNPATH_SEARCH_PATHS = (
					"$(inherited)",
					"@executable_path/Frameworks",
				);
				MARKETING_VERSION = 1.01;
				PRODUCT_BUNDLE_IDENTIFIER = com.photoigor.Habituder;
				PRODUCT_NAME = "$(TARGET_NAME)";
				SWIFT_VERSION = 5.0;
				TARGETED_DEVICE_FAMILY = "1,2";
			};
			name = Release;
		};
/* End XCBuildConfiguration section */

/* Begin XCConfigurationList section */
		2AEEC566245B7AA500BA1AE3 /* Build configuration list for PBXProject "Habituder" */ = {
			isa = XCConfigurationList;
			buildConfigurations = (
				2AEEC57D245B7AA600BA1AE3 /* Debug */,
				2AEEC57E245B7AA600BA1AE3 /* Release */,
			);
			defaultConfigurationIsVisible = 0;
			defaultConfigurationName = Release;
		};
		2AEEC57F245B7AA600BA1AE3 /* Build configuration list for PBXNativeTarget "Habituder" */ = {
			isa = XCConfigurationList;
			buildConfigurations = (
				2AEEC580245B7AA600BA1AE3 /* Debug */,
				2AEEC581245B7AA600BA1AE3 /* Release */,
			);
			defaultConfigurationIsVisible = 0;
			defaultConfigurationName = Release;
		};
/* End XCConfigurationList section */

/* Begin XCRemoteSwiftPackageReference section */
		2AEEC582245B7B1D00BA1AE3 /* XCRemoteSwiftPackageReference "SwiftPI" */ = {
			isa = XCRemoteSwiftPackageReference;
			repositoryURL = "https://github.com/igor1309/SwiftPI.git";
			requirement = {
				branch = master;
				kind = branch;
			};
		};
/* End XCRemoteSwiftPackageReference section */

/* Begin XCSwiftPackageProductDependency section */
		2AEEC583245B7B1D00BA1AE3 /* SwiftPI */ = {
			isa = XCSwiftPackageProductDependency;
			package = 2AEEC582245B7B1D00BA1AE3 /* XCRemoteSwiftPackageReference "SwiftPI" */;
			productName = SwiftPI;
		};
/* End XCSwiftPackageProductDependency section */
	};
	rootObject = 2AEEC563245B7AA500BA1AE3 /* Project object */;
}
